
Microsoft Visual Studio Solution File, Format Version 12.00
# Visual Studio 15
VisualStudioVersion = 15.0.26430.16
MinimumVisualStudioVersion = 10.0.40219.1
Project("{FAE04EC0-301F-11D3-BF4B-00C04F79EFBC}") = "OctoAwesome", "OctoAwesome\OctoAwesome.csproj", "{4CEE2E0D-7CC2-4C97-932B-F4DED2581766}"
EndProject
Project("{FAE04EC0-301F-11D3-BF4B-00C04F79EFBC}") = "MapEditor", "MapEditor\MapEditor.csproj", "{8B5CA656-920E-4ADD-9FCE-2C0C249605C0}"
EndProject
Global
	GlobalSection(SolutionConfigurationPlatforms) = preSolution
		Debug|Any CPU = Debug|Any CPU
		Release|Any CPU = Release|Any CPU
	EndGlobalSection
	GlobalSection(ProjectConfigurationPlatforms) = postSolution
		{4CEE2E0D-7CC2-4C97-932B-F4DED2581766}.Debug|Any CPU.ActiveCfg = Debug|Any CPU
		{4CEE2E0D-7CC2-4C97-932B-F4DED2581766}.Debug|Any CPU.Build.0 = Debug|Any CPU
		{4CEE2E0D-7CC2-4C97-932B-F4DED2581766}.Release|Any CPU.ActiveCfg = Release|Any CPU
		{4CEE2E0D-7CC2-4C97-932B-F4DED2581766}.Release|Any CPU.Build.0 = Release|Any CPU
		{8B5CA656-920E-4ADD-9FCE-2C0C249605C0}.Debug|Any CPU.ActiveCfg = Debug|Any CPU
		{8B5CA656-920E-4ADD-9FCE-2C0C249605C0}.Debug|Any CPU.Build.0 = Debug|Any CPU
		{8B5CA656-920E-4ADD-9FCE-2C0C249605C0}.Release|Any CPU.ActiveCfg = Release|Any CPU
		{8B5CA656-920E-4ADD-9FCE-2C0C249605C0}.Release|Any CPU.Build.0 = Release|Any CPU
	EndGlobalSection
	GlobalSection(SolutionProperties) = preSolution
		HideSolutionNode = FALSE
	EndGlobalSection
EndGlobal
